lockfileVersion: '9.0'

settings:
  autoInstallPeers: true
  excludeLinksFromLockfile: false

catalogs:
  default:
    minimist:
      specifier: 1.2.8
      version: 1.2.8
    npm-package-arg:
      specifier: 12.0.2
      version: 12.0.2
    yaml:
      specifier: 2.8.0
      version: 2.8.0

importers:

  .:
    dependencies:
      minimist:
        specifier: catalog:default
        version: 1.2.8
      npm-package-arg:
        specifier: catalog:default
        version: 12.0.2
      yaml:
        specifier: catalog:default
        version: 2.8.0

packages:

  hosted-git-info@8.1.0:
    resolution: {integrity: sha512-Rw/B2DNQaPBICNXEm8balFz9a6WpZrkCGpcWFpy7nCj+NyhSdqXipmfvtmWt9xGfp0wZnBxB+iVpLmQMYt47Tw==}
    engines: {node: ^18.17.0 || >=20.5.0}

  lru-cache@10.4.3:
    resolution: {integrity: sha512-JNAzZcXrCt42VGLuYz0zfAzDfAvJWW6AfYlDBQyDV5DClI2m5sAmK+OIO7s59XfsRsWHp02jAJrRadPRGTt6SQ==}

  minimist@1.2.8:
    resolution: {integrity: sha512-2yyAR8qBkN3YuheJanUpWC5U3bb5osDywNB8RzDVlDwDHbocAJveqqj1u8+SVD7jkWT4yvsHCpWqqWqAxb0zCA==}

  npm-package-arg@12.0.2:
    resolution: {integrity: sha512-f1NpFjNI9O4VbKMOlA5QoBq/vSQPORHcTZ2feJpFkTHJ9eQkdlmZEKSjcAhxTGInC7RlEyScT9ui67NaOsjFWA==}
    engines: {node: ^18.17.0 || >=20.5.0}

  proc-log@5.0.0:
    resolution: {integrity: sha512-Azwzvl90HaF0aCz1JrDdXQykFakSSNPaPoiZ9fm5qJIMHioDZEi7OAdRwSm6rSoPtY3Qutnm3L7ogmg3dc+wbQ==}
    engines: {node: ^18.17.0 || >=20.5.0}

  semver@7.7.2:
    resolution: {integrity: sha512-RF0Fw+rO5AMf9MAyaRXI4AV0Ulj5lMHqVxxdSgiVbixSCXoEmmX/jk0CuJw4+3SqroYO9VoUh+HcuJivvtJemA==}
    engines: {node: '>=10'}
    hasBin: true

  validate-npm-package-name@6.0.0:
    resolution: {integrity: sha512-d7KLgL1LD3U3fgnvWEY1cQXoO/q6EQ1BSz48Sa149V/5zVTAbgmZIpyI8TRi6U9/JNyeYLlTKsEMPtLC27RFUg==}
    engines: {node: ^18.17.0 || >=20.5.0}

  yaml@2.8.0:
    resolution: {integrity: sha512-4lLa/EcQCB0cJkyts+FpIRx5G/llPxfP6VQU5KByHEhLxY3IJCH0f0Hy1MHI8sClTvsIb8qwRJ6R/ZdlDJ/leQ==}
    engines: {node: '>= 14.6'}
    hasBin: true

snapshots:

  hosted-git-info@8.1.0:
    dependencies:
      lru-cache: 10.4.3

  lru-cache@10.4.3: {}

  minimist@1.2.8: {}

  npm-package-arg@12.0.2:
    dependencies:
      hosted-git-info: 8.1.0
      proc-log: 5.0.0
      semver: 7.7.2
      validate-npm-package-name: 6.0.0

  proc-log@5.0.0: {}

  semver@7.7.2: {}

  validate-npm-package-name@6.0.0: {}

  yaml@2.8.0: {}
